// !$*UTF8*$!
{
	archiveVersion = 1;
	classes = {
	};
	objectVersion = 56;
	objects = {

/* Begin PBXBuildFile section */
		001A00010000000100000001 /* SubMergeProMacApp.swift in Sources */ = {isa = PBXBuildFile; fileRef = 001B00010000000100000001 /* SubMergeProMacApp.swift */; };
		001A00010000000100000002 /* VideoItem.swift in Sources */ = {isa = PBXBuildFile; fileRef = 001B00010000000100000002 /* VideoItem.swift */; };
		001A00010000000100000003 /* VideoMetadataService.swift in Sources */ = {isa = PBXBuildFile; fileRef = 001B00010000000100000003 /* VideoMetadataService.swift */; };
		001A00010000000100000004 /* SubtitleStyleBuilder.swift in Sources */ = {isa = PBXBuildFile; fileRef = 001B00010000000100000004 /* SubtitleStyleBuilder.swift */; };
		001A00010000000100000005 /* SRTConverter.swift in Sources */ = {isa = PBXBuildFile; fileRef = 001B00010000000100000005 /* SRTConverter.swift */; };
		001A00010000000100000006 /* FFmpegService.swift in Sources */ = {isa = PBXBuildFile; fileRef = 001B00010000000100000006 /* FFmpegService.swift */; };
		001A00010000000100000007 /* SubMergeViewModel.swift in Sources */ = {isa = PBXBuildFile; fileRef = 001B00010000000100000007 /* SubMergeViewModel.swift */; };
		001A00010000000100000008 /* ContentView.swift in Sources */ = {isa = PBXBuildFile; fileRef = 001B00010000000100000008 /* ContentView.swift */; };
		001A00010000000100000009 /* Assets.xcassets in Resources */ = {isa = PBXBuildFile; fileRef = 001B00010000000100000009 /* Assets.xcassets */; };
		001A0001000000010000000A /* SubMergeProIcon.png in Resources */ = {isa = PBXBuildFile; fileRef = 001B0001000000010000000A /* SubMergeProIcon.png */; };
		001A0001000000010000000B /* SubtitlePreviewService.swift in Sources */ = {isa = PBXBuildFile; fileRef = 001B0001000000010000000D /* SubtitlePreviewService.swift */; };
		001A0001000000010000000C /* Components.swift in Sources */ = {isa = PBXBuildFile; fileRef = 001B0001000000010000000E /* Components.swift */; };
		001A0001000000010000000D /* StyleStudioView.swift in Sources */ = {isa = PBXBuildFile; fileRef = 001B0001000000010000000F /* StyleStudioView.swift */; };
		001A0001000000010000000E /* PreviewSheet.swift in Sources */ = {isa = PBXBuildFile; fileRef = 001B00010000000100000010 /* PreviewSheet.swift */; };
		001A0001000000010000000F /* ViewExtensions.swift in Sources */ = {isa = PBXBuildFile; fileRef = 001B00010000000100000011 /* ViewExtensions.swift */; };
/* End PBXBuildFile section */

/* Begin PBXFileReference section */
		001B00010000000100000001 /* SubMergeProMacApp.swift */ = {isa = PBXFileReference; lastKnownFileType = sourcecode.swift; path = SubMergeProMacApp.swift; sourceTree = "<group>"; };
		001B00010000000100000002 /* VideoItem.swift */ = {isa = PBXFileReference; lastKnownFileType = sourcecode.swift; path = VideoItem.swift; sourceTree = "<group>"; };
		001B00010000000100000003 /* VideoMetadataService.swift */ = {isa = PBXFileReference; lastKnownFileType = sourcecode.swift; path = VideoMetadataService.swift; sourceTree = "<group>"; };
		001B00010000000100000004 /* SubtitleStyleBuilder.swift */ = {isa = PBXFileReference; lastKnownFileType = sourcecode.swift; path = SubtitleStyleBuilder.swift; sourceTree = "<group>"; };
		001B00010000000100000005 /* SRTConverter.swift */ = {isa = PBXFileReference; lastKnownFileType = sourcecode.swift; path = SRTConverter.swift; sourceTree = "<group>"; };
		001B00010000000100000006 /* FFmpegService.swift */ = {isa = PBXFileReference; lastKnownFileType = sourcecode.swift; path = FFmpegService.swift; sourceTree = "<group>"; };
		001B00010000000100000007 /* SubMergeViewModel.swift */ = {isa = PBXFileReference; lastKnownFileType = sourcecode.swift; path = SubMergeViewModel.swift; sourceTree = "<group>"; };
		001B00010000000100000008 /* ContentView.swift */ = {isa = PBXFileReference; lastKnownFileType = sourcecode.swift; path = ContentView.swift; sourceTree = "<group>"; };
		001B00010000000100000009 /* Assets.xcassets */ = {isa = PBXFileReference; lastKnownFileType = folder.assetcatalog; path = Assets.xcassets; sourceTree = "<group>"; };
		001B0001000000010000000A /* SubMergeProIcon.png */ = {isa = PBXFileReference; lastKnownFileType = image.png; path = SubMergeProIcon.png; sourceTree = "<group>"; };
		001B0001000000010000000B /* Info.plist */ = {isa = PBXFileReference; lastKnownFileType = text.plist.xml; path = Info.plist; sourceTree = "<group>"; };
		001B0001000000010000000C /* SubMergeProMac.app */ = {isa = PBXFileReference; explicitFileType = wrapper.application; includeInIndex = 0; path = SubMergeProMac.app; sourceTree = BUILT_PRODUCTS_DIR; };
		001B0001000000010000000D /* SubtitlePreviewService.swift */ = {isa = PBXFileReference; lastKnownFileType = sourcecode.swift; path = SubtitlePreviewService.swift; sourceTree = "<group>"; };
		001B0001000000010000000E /* Components.swift */ = {isa = PBXFileReference; lastKnownFileType = sourcecode.swift; path = Components.swift; sourceTree = "<group>"; };
		001B0001000000010000000F /* StyleStudioView.swift */ = {isa = PBXFileReference; lastKnownFileType = sourcecode.swift; path = StyleStudioView.swift; sourceTree = "<group>"; };
		001B00010000000100000010 /* PreviewSheet.swift */ = {isa = PBXFileReference; lastKnownFileType = sourcecode.swift; path = PreviewSheet.swift; sourceTree = "<group>"; };
		001B00010000000100000011 /* ViewExtensions.swift */ = {isa = PBXFileReference; lastKnownFileType = sourcecode.swift; path = ViewExtensions.swift; sourceTree = "<group>"; };
/* End PBXFileReference section */

/* Begin PBXFrameworksBuildPhase section */
		001C00010000000100000001 /* Frameworks */ = {
			isa = PBXFrameworksBuildPhase;
			buildActionMask = 2147483647;
			files = (
			);
			runOnlyForDeploymentPostprocessing = 0;
		};
/* End PBXFrameworksBuildPhase section */

/* Begin PBXGroup section */
		001D00010000000100000001 = {
			isa = PBXGroup;
			children = (
				001D00010000000100000002 /* App */,
				001D00010000000100000003 /* Models */,
				001D00010000000100000004 /* Services */,
				001D00010000000100000005 /* ViewModels */,
				001D00010000000100000006 /* Views */,
				001D00010000000100000007 /* Resources */,
				001D00010000000100000008 /* Products */,
			);
			sourceTree = "<group>";
		};
		001D00010000000100000002 /* App */ = {
			isa = PBXGroup;
			children = (
				001B00010000000100000001 /* SubMergeProMacApp.swift */,
			);
			path = App;
			sourceTree = "<group>";
		};
		001D00010000000100000003 /* Models */ = {
			isa = PBXGroup;
			children = (
				001B00010000000100000002 /* VideoItem.swift */,
			);
			path = Models;
			sourceTree = "<group>";
		};
		001D00010000000100000004 /* Services */ = {
			isa = PBXGroup;
			children = (
				001B00010000000100000003 /* VideoMetadataService.swift */,
				001B00010000000100000004 /* SubtitleStyleBuilder.swift */,
				001B00010000000100000005 /* SRTConverter.swift */,
				001B00010000000100000006 /* FFmpegService.swift */,
				001B0001000000010000000D /* SubtitlePreviewService.swift */,
			);
			path = Services;
			sourceTree = "<group>";
		};
		001D00010000000100000005 /* ViewModels */ = {
			isa = PBXGroup;
			children = (
				001B00010000000100000007 /* SubMergeViewModel.swift */,
			);
			path = ViewModels;
			sourceTree = "<group>";
		};
		001D00010000000100000006 /* Views */ = {
			isa = PBXGroup;
			children = (
				001B00010000000100000008 /* ContentView.swift */,
				001B0001000000010000000E /* Components.swift */,
				001B0001000000010000000F /* StyleStudioView.swift */,
				001B00010000000100000010 /* PreviewSheet.swift */,
				001B00010000000100000011 /* ViewExtensions.swift */,
			);
			path = Views;
			sourceTree = "<group>";
		};
		001D00010000000100000007 /* Resources */ = {
			isa = PBXGroup;
			children = (
				001B00010000000100000009 /* Assets.xcassets */,
				001B0001000000010000000A /* SubMergeProIcon.png */,
				001B0001000000010000000B /* Info.plist */,
			);
			path = Resources;
			sourceTree = "<group>";
		};
		001D00010000000100000008 /* Products */ = {
			isa = PBXGroup;
			children = (
				001B0001000000010000000C /* SubMergeProMac.app */,
			);
			name = Products;
			sourceTree = "<group>";
		};
/* End PBXGroup section */

/* Begin PBXNativeTarget section */
		001E00010000000100000001 /* SubMergeProMac */ = {
			isa = PBXNativeTarget;
			buildConfigurationList = 001F00010000000100000002 /* Build configuration list for PBXNativeTarget "SubMergeProMac" */;
			buildPhases = (
				002000010000000100000001 /* Sources */,
				001C00010000000100000001 /* Frameworks */,
				002100010000000100000001 /* Resources */,
			);
			buildRules = (
			);
			dependencies = (
			);
			name = SubMergeProMac;
			productName = SubMergeProMac;
			productReference = 001B0001000000010000000C /* SubMergeProMac.app */;
			productType = "com.apple.product-type.application";
		};
/* End PBXNativeTarget section */

/* Begin PBXProject section */
		001F00010000000100000001 /* Project object */ = {
			isa = PBXProject;
			attributes = {
				BuildIndependentTargetsInParallel = 1;
				LastSwiftUpdateCheck = 1650;
				LastUpgradeCheck = 2650;
				TargetAttributes = {
					001E00010000000100000001 = {
						CreatedOnToolsVersion = 16.5;
					};
				};
			};
			buildConfigurationList = 001F00010000000100000003 /* Build configuration list for PBXProject "SubMergeProMac" */;
			compatibilityVersion = "Xcode 14.0";
			developmentRegion = zh_CN;
			hasScannedForEncodings = 0;
			knownRegions = (
				en,
				Base,
				zh_CN,
			);
			mainGroup = 001D00010000000100000001;
			productRefGroup = 001D00010000000100000008 /* Products */;
			projectDirPath = "";
			projectRoot = "";
			targets = (
				001E00010000000100000001 /* SubMergeProMac */,
			);
		};
/* End PBXProject section */

/* Begin PBXResourcesBuildPhase section */
		002100010000000100000001 /* Resources */ = {
			isa = PBXResourcesBuildPhase;
			buildActionMask = 2147483647;
			files = (
				001A00010000000100000009 /* Assets.xcassets in Resources */,
				001A0001000000010000000A /* SubMergeProIcon.png in Resources */,
			);
			runOnlyForDeploymentPostprocessing = 0;
		};
/* End PBXResourcesBuildPhase section */

/* Begin PBXSourcesBuildPhase section */
		002000010000000100000001 /* Sources */ = {
			isa = PBXSourcesBuildPhase;
			buildActionMask = 2147483647;
			files = (
				001A00010000000100000008 /* ContentView.swift in Sources */,
				001A0001000000010000000C /* Components.swift in Sources */,
				001A00010000000100000006 /* FFmpegService.swift in Sources */,
				001A0001000000010000000E /* PreviewSheet.swift in Sources */,
				001A00010000000100000005 /* SRTConverter.swift in Sources */,
				001A0001000000010000000B /* SubtitlePreviewService.swift in Sources */,
				001A0001000000010000000D /* StyleStudioView.swift in Sources */,
				001A00010000000100000004 /* SubtitleStyleBuilder.swift in Sources */,
				001A00010000000100000007 /* SubMergeViewModel.swift in Sources */,
				001A00010000000100000001 /* SubMergeProMacApp.swift in Sources */,
				001A00010000000100000002 /* VideoItem.swift in Sources */,
				001A0001000000010000000F /* ViewExtensions.swift in Sources */,
				001A00010000000100000003 /* VideoMetadataService.swift in Sources */,
			);
			runOnlyForDeploymentPostprocessing = 0;
		};
/* End PBXSourcesBuildPhase section */

/* Begin XCBuildConfiguration section */
		002200010000000100000001 /* Debug */ = {
			isa = XCBuildConfiguration;
			buildSettings = {
				ALWAYS_SEARCH_USER_PATHS = NO;
				ASSETCATALOG_COMPILER_APPICON_NAME = AppIcon;
				CLANG_ENABLE_MODULES = YES;
				CLANG_ENABLE_OBJC_WEAK = YES;
				CODE_SIGN_STYLE = Automatic;
				COMBINE_HIDPI_IMAGES = YES;
				CURRENT_PROJECT_VERSION = 1;
				DEAD_CODE_STRIPPING = YES;
				DEVELOPMENT_TEAM = "";
				ENABLE_APP_SANDBOX = NO;
				ENABLE_HARDENED_RUNTIME = NO;
				GCC_C_LANGUAGE_STANDARD = gnu17;
				GENERATE_INFOPLIST_FILE = NO;
				INFOPLIST_FILE = Resources/Info.plist;
				LD_RUNPATH_SEARCH_PATHS = (
					"$(inherited)",
					"@executable_path/../Frameworks",
				);
				MACOSX_DEPLOYMENT_TARGET = 13.0;
				MARKETING_VERSION = 1.0.0;
				PRODUCT_BUNDLE_IDENTIFIER = com.anzhen.SubMergeProMac;
				PRODUCT_NAME = "$(TARGET_NAME)";
				SDKROOT = macosx;
				SWIFT_EMIT_LOC_STRINGS = YES;
				SWIFT_VERSION = 5.0;
			};
			name = Debug;
		};
		002200010000000100000002 /* Release */ = {
			isa = XCBuildConfiguration;
			buildSettings = {
				ALWAYS_SEARCH_USER_PATHS = NO;
				ASSETCATALOG_COMPILER_APPICON_NAME = AppIcon;
				CLANG_ENABLE_MODULES = YES;
				CLANG_ENABLE_OBJC_WEAK = YES;
				CODE_SIGN_STYLE = Automatic;
				COMBINE_HIDPI_IMAGES = YES;
				CURRENT_PROJECT_VERSION = 1;
				DEAD_CODE_STRIPPING = YES;
				DEVELOPMENT_TEAM = "";
				ENABLE_APP_SANDBOX = NO;
				ENABLE_HARDENED_RUNTIME = NO;
				GCC_C_LANGUAGE_STANDARD = gnu17;
				GENERATE_INFOPLIST_FILE = NO;
				INFOPLIST_FILE = Resources/Info.plist;
				LD_RUNPATH_SEARCH_PATHS = (
					"$(inherited)",
					"@executable_path/../Frameworks",
				);
				MACOSX_DEPLOYMENT_TARGET = 13.0;
				MARKETING_VERSION = 1.0.0;
				PRODUCT_BUNDLE_IDENTIFIER = com.anzhen.SubMergeProMac;
				PRODUCT_NAME = "$(TARGET_NAME)";
				SDKROOT = macosx;
				SWIFT_EMIT_LOC_STRINGS = YES;
				SWIFT_VERSION = 5.0;
			};
			name = Release;
		};
		002200010000000100000003 /* Debug */ = {
			isa = XCBuildConfiguration;
			buildSettings = {
				CLANG_ANALYZER_LOCALIZABILITY_NONLOCALIZED = YES;
				CLANG_WARN_BLOCK_CAPTURE_AUTORELEASING = YES;
				CLANG_WARN_BOOL_CONVERSION = YES;
				CLANG_WARN_COMMA = YES;
				CLANG_WARN_CONSTANT_CONVERSION = YES;
				CLANG_WARN_DEPRECATED_OBJC_IMPLEMENTATIONS = YES;
				CLANG_WARN_EMPTY_BODY = YES;
				CLANG_WARN_ENUM_CONVERSION = YES;
				CLANG_WARN_INFINITE_RECURSION = YES;
				CLANG_WARN_INT_CONVERSION = YES;
				CLANG_WARN_NON_LITERAL_NULL_CONVERSION = YES;
				CLANG_WARN_OBJC_IMPLICIT_RETAIN_SELF = YES;
				CLANG_WARN_OBJC_LITERAL_CONVERSION = YES;
				CLANG_WARN_QUOTED_INCLUDE_IN_FRAMEWORK_HEADER = YES;
				CLANG_WARN_RANGE_LOOP_ANALYSIS = YES;
				CLANG_WARN_STRICT_PROTOTYPES = YES;
				CLANG_WARN_SUSPICIOUS_MOVE = YES;
				CLANG_WARN_UNREACHABLE_CODE = YES;
				CLANG_WARN__DUPLICATE_METHOD_MATCH = YES;
				CODE_SIGN_STYLE = Automatic;
				DEAD_CODE_STRIPPING = YES;
				DEVELOPMENT_TEAM = "";
				ENABLE_STRICT_OBJC_MSGSEND = YES;
				ENABLE_TESTABILITY = YES;
				ENABLE_USER_SCRIPT_SANDBOXING = YES;
				GCC_NO_COMMON_BLOCKS = YES;
				GCC_WARN_64_TO_32_BIT_CONVERSION = YES;
				GCC_WARN_ABOUT_RETURN_TYPE = YES;
				GCC_WARN_UNDECLARED_SELECTOR = YES;
				GCC_WARN_UNINITIALIZED_AUTOS = YES;
				GCC_WARN_UNUSED_FUNCTION = YES;
				GCC_WARN_UNUSED_VARIABLE = YES;
				ONLY_ACTIVE_ARCH = YES;
				SDKROOT = macosx;
				STRING_CATALOG_GENERATE_SYMBOLS = YES;
			};
			name = Debug;
		};
		002200010000000100000004 /* Release */ = {
			isa = XCBuildConfiguration;
			buildSettings = {
				CLANG_ANALYZER_LOCALIZABILITY_NONLOCALIZED = YES;
				CLANG_WARN_BLOCK_CAPTURE_AUTORELEASING = YES;
				CLANG_WARN_BOOL_CONVERSION = YES;
				CLANG_WARN_COMMA = YES;
				CLANG_WARN_CONSTANT_CONVERSION = YES;
				CLANG_WARN_DEPRECATED_OBJC_IMPLEMENTATIONS = YES;
				CLANG_WARN_EMPTY_BODY = YES;
				CLANG_WARN_ENUM_CONVERSION = YES;
				CLANG_WARN_INFINITE_RECURSION = YES;
				CLANG_WARN_INT_CONVERSION = YES;
				CLANG_WARN_NON_LITERAL_NULL_CONVERSION = YES;
				CLANG_WARN_OBJC_IMPLICIT_RETAIN_SELF = YES;
				CLANG_WARN_OBJC_LITERAL_CONVERSION = YES;
				CLANG_WARN_QUOTED_INCLUDE_IN_FRAMEWORK_HEADER = YES;
				CLANG_WARN_RANGE_LOOP_ANALYSIS = YES;
				CLANG_WARN_STRICT_PROTOTYPES = YES;
				CLANG_WARN_SUSPICIOUS_MOVE = YES;
				CLANG_WARN_UNREACHABLE_CODE = YES;
				CLANG_WARN__DUPLICATE_METHOD_MATCH = YES;
				CODE_SIGN_STYLE = Automatic;
				DEAD_CODE_STRIPPING = YES;
				DEVELOPMENT_TEAM = "";
				ENABLE_STRICT_OBJC_MSGSEND = YES;
				ENABLE_USER_SCRIPT_SANDBOXING = YES;
				GCC_NO_COMMON_BLOCKS = YES;
				GCC_WARN_64_TO_32_BIT_CONVERSION = YES;
				GCC_WARN_ABOUT_RETURN_TYPE = YES;
				GCC_WARN_UNDECLARED_SELECTOR = YES;
				GCC_WARN_UNINITIALIZED_AUTOS = YES;
				GCC_WARN_UNUSED_FUNCTION = YES;
				GCC_WARN_UNUSED_VARIABLE = YES;
				SDKROOT = macosx;
				STRING_CATALOG_GENERATE_SYMBOLS = YES;
				SWIFT_COMPILATION_MODE = wholemodule;
			};
			name = Release;
		};
/* End XCBuildConfiguration section */

/* Begin XCConfigurationList section */
		001F00010000000100000002 /* Build configuration list for PBXNativeTarget "SubMergeProMac" */ = {
			isa = XCConfigurationList;
			buildConfigurations = (
				002200010000000100000001 /* Debug */,
				002200010000000100000002 /* Release */,
			);
			defaultConfigurationIsVisible = 0;
			defaultConfigurationName = Release;
		};
		001F00010000000100000003 /* Build configuration list for PBXProject "SubMergeProMac" */ = {
			isa = XCConfigurationList;
			buildConfigurations = (
				002200010000000100000003 /* Debug */,
				002200010000000100000004 /* Release */,
			);
			defaultConfigurationIsVisible = 0;
			defaultConfigurationName = Release;
		};
/* End XCConfigurationList section */
	};
	rootObject = 001F00010000000100000001 /* Project object */;
}
